// !$*UTF8*$!
{
	archiveVersion = 1;
	classes = {
	};
	objectVersion = 55;
	objects = {

/* Begin PBXBuildFile section */
		EABE8D4F27F587EC00648A5B /* LoginRequestBody.swift in Sources */ = {isa = PBXBuildFile; fileRef = EABE8D4E27F587EC00648A5B /* LoginRequestBody.swift */; };
		EABE8D5127F5884F00648A5B /* SignupRequestBody.swift in Sources */ = {isa = PBXBuildFile; fileRef = EABE8D5027F5884F00648A5B /* SignupRequestBody.swift */; };
		EABE8D5327F588D200648A5B /* ProjectListResponse.swift in Sources */ = {isa = PBXBuildFile; fileRef = EABE8D5227F588D200648A5B /* ProjectListResponse.swift */; };
		EABE8D5527F595A900648A5B /* IssueView.swift in Sources */ = {isa = PBXBuildFile; fileRef = EABE8D5427F595A900648A5B /* IssueView.swift */; };
		EAC512FC27ED814A00F6E730 /* DebugApp.swift in Sources */ = {isa = PBXBuildFile; fileRef = EAC512FB27ED814A00F6E730 /* DebugApp.swift */; };
		EAC512FE27ED814A00F6E730 /* LoginView.swift in Sources */ = {isa = PBXBuildFile; fileRef = EAC512FD27ED814A00F6E730 /* LoginView.swift */; };
		EAC5130027ED814B00F6E730 /* Assets.xcassets in Resources */ = {isa = PBXBuildFile; fileRef = EAC512FF27ED814B00F6E730 /* Assets.xcassets */; };
		EAC5130327ED814B00F6E730 /* Preview Assets.xcassets in Resources */ = {isa = PBXBuildFile; fileRef = EAC5130227ED814B00F6E730 /* Preview Assets.xcassets */; };
		EAC5130B27ED8BB600F6E730 /* SignupView.swift in Sources */ = {isa = PBXBuildFile; fileRef = EAC5130A27ED8BB600F6E730 /* SignupView.swift */; };
		EAC5130E27ED936500F6E730 /* Webservice.swift in Sources */ = {isa = PBXBuildFile; fileRef = EAC5130D27ED936500F6E730 /* Webservice.swift */; };
		EAC5131127EDA08300F6E730 /* SignupViewModel.swift in Sources */ = {isa = PBXBuildFile; fileRef = EAC5131027EDA08300F6E730 /* SignupViewModel.swift */; };
		EAC5131327EDA21D00F6E730 /* LoginViewModel.swift in Sources */ = {isa = PBXBuildFile; fileRef = EAC5131227EDA21D00F6E730 /* LoginViewModel.swift */; };
		EAC5131527EDB07000F6E730 /* ProjectListView.swift in Sources */ = {isa = PBXBuildFile; fileRef = EAC5131427EDB07000F6E730 /* ProjectListView.swift */; };
		EAD7F9D727F6C6740031BC32 /* LoginResponse.swift in Sources */ = {isa = PBXBuildFile; fileRef = EAD7F9D627F6C6740031BC32 /* LoginResponse.swift */; };
		EAD7F9D927F6D6140031BC32 /* SessionToken.swift in Sources */ = {isa = PBXBuildFile; fileRef = EAD7F9D827F6D6140031BC32 /* SessionToken.swift */; };
/* End PBXBuildFile section */

/* Begin PBXFileReference section */
		EABE8D4E27F587EC00648A5B /* LoginRequestBody.swift */ = {isa = PBXFileReference; lastKnownFileType = sourcecode.swift; path = LoginRequestBody.swift; sourceTree = "<group>"; };
		EABE8D5027F5884F00648A5B /* SignupRequestBody.swift */ = {isa = PBXFileReference; lastKnownFileType = sourcecode.swift; path = SignupRequestBody.swift; sourceTree = "<group>"; };
		EABE8D5227F588D200648A5B /* ProjectListResponse.swift */ = {isa = PBXFileReference; lastKnownFileType = sourcecode.swift; path = ProjectListResponse.swift; sourceTree = "<group>"; };
		EABE8D5427F595A900648A5B /* IssueView.swift */ = {isa = PBXFileReference; lastKnownFileType = sourcecode.swift; path = IssueView.swift; sourceTree = "<group>"; };
		EAC512F827ED814A00F6E730 /* Debug.app */ = {isa = PBXFileReference; explicitFileType = wrapper.application; includeInIndex = 0; path = Debug.app; sourceTree = BUILT_PRODUCTS_DIR; };
		EAC512FB27ED814A00F6E730 /* DebugApp.swift */ = {isa = PBXFileReference; lastKnownFileType = sourcecode.swift; path = DebugApp.swift; sourceTree = "<group>"; };
		EAC512FD27ED814A00F6E730 /* LoginView.swift */ = {isa = PBXFileReference; lastKnownFileType = sourcecode.swift; path = LoginView.swift; sourceTree = "<group>"; };
		EAC512FF27ED814B00F6E730 /* Assets.xcassets */ = {isa = PBXFileReference; lastKnownFileType = folder.assetcatalog; path = Assets.xcassets; sourceTree = "<group>"; };
		EAC5130227ED814B00F6E730 /* Preview Assets.xcassets */ = {isa = PBXFileReference; lastKnownFileType = folder.assetcatalog; path = "Preview Assets.xcassets"; sourceTree = "<group>"; };
		EAC5130A27ED8BB600F6E730 /* SignupView.swift */ = {isa = PBXFileReference; lastKnownFileType = sourcecode.swift; path = SignupView.swift; sourceTree = "<group>"; };
		EAC5130D27ED936500F6E730 /* Webservice.swift */ = {isa = PBXFileReference; lastKnownFileType = sourcecode.swift; path = Webservice.swift; sourceTree = "<group>"; };
		EAC5131027EDA08300F6E730 /* SignupViewModel.swift */ = {isa = PBXFileReference; lastKnownFileType = sourcecode.swift; path = SignupViewModel.swift; sourceTree = "<group>"; };
		EAC5131227EDA21D00F6E730 /* LoginViewModel.swift */ = {isa = PBXFileReference; lastKnownFileType = sourcecode.swift; path = LoginViewModel.swift; sourceTree = "<group>"; };
		EAC5131427EDB07000F6E730 /* ProjectListView.swift */ = {isa = PBXFileReference; lastKnownFileType = sourcecode.swift; path = ProjectListView.swift; sourceTree = "<group>"; };
		EAD7F9D627F6C6740031BC32 /* LoginResponse.swift */ = {isa = PBXFileReference; lastKnownFileType = sourcecode.swift; path = LoginResponse.swift; sourceTree = "<group>"; };
		EAD7F9D827F6D6140031BC32 /* SessionToken.swift */ = {isa = PBXFileReference; lastKnownFileType = sourcecode.swift; path = SessionToken.swift; sourceTree = "<group>"; };
/* End PBXFileReference section */

/* Begin PBXFrameworksBuildPhase section */
		EAC512F527ED814A00F6E730 /* Frameworks */ = {
			isa = PBXFrameworksBuildPhase;
			buildActionMask = 2147483647;
			files = (
			);
			runOnlyForDeploymentPostprocessing = 0;
		};
/* End PBXFrameworksBuildPhase section */

/* Begin PBXGroup section */
		EABE8D4D27F587B000648A5B /* Model */ = {
			isa = PBXGroup;
			children = (
				EABE8D4E27F587EC00648A5B /* LoginRequestBody.swift */,
				EAD7F9D627F6C6740031BC32 /* LoginResponse.swift */,
				EAD7F9D827F6D6140031BC32 /* SessionToken.swift */,
				EABE8D5027F5884F00648A5B /* SignupRequestBody.swift */,
				EABE8D5227F588D200648A5B /* ProjectListResponse.swift */,
			);
			path = Model;
			sourceTree = "<group>";
		};
		EAC512EF27ED814A00F6E730 = {
			isa = PBXGroup;
			children = (
				EAC512FA27ED814A00F6E730 /* Debug */,
				EAC512F927ED814A00F6E730 /* Products */,
			);
			sourceTree = "<group>";
		};
		EAC512F927ED814A00F6E730 /* Products */ = {
			isa = PBXGroup;
			children = (
				EAC512F827ED814A00F6E730 /* Debug.app */,
			);
			name = Products;
			sourceTree = "<group>";
		};
		EAC512FA27ED814A00F6E730 /* Debug */ = {
			isa = PBXGroup;
			children = (
				EAC512FB27ED814A00F6E730 /* DebugApp.swift */,
				EABE8D4D27F587B000648A5B /* Model */,
				EAC5130F27EDA05300F6E730 /* ViewModel */,
				EAC5130C27ED92EC00F6E730 /* Services */,
				EAC5130927ED8B2600F6E730 /* View */,
				EAC512FF27ED814B00F6E730 /* Assets.xcassets */,
				EAC5130127ED814B00F6E730 /* Preview Content */,
			);
			path = Debug;
			sourceTree = "<group>";
		};
		EAC5130127ED814B00F6E730 /* Preview Content */ = {
			isa = PBXGroup;
			children = (
				EAC5130227ED814B00F6E730 /* Preview Assets.xcassets */,
			);
			path = "Preview Content";
			sourceTree = "<group>";
		};
		EAC5130927ED8B2600F6E730 /* View */ = {
			isa = PBXGroup;
			children = (
				EAC512FD27ED814A00F6E730 /* LoginView.swift */,
				EAC5130A27ED8BB600F6E730 /* SignupView.swift */,
				EAC5131427EDB07000F6E730 /* ProjectListView.swift */,
				EABE8D5427F595A900648A5B /* IssueView.swift */,
			);
			path = View;
			sourceTree = "<group>";
		};
		EAC5130C27ED92EC00F6E730 /* Services */ = {
			isa = PBXGroup;
			children = (
				EAC5130D27ED936500F6E730 /* Webservice.swift */,
			);
			path = Services;
			sourceTree = "<group>";
		};
		EAC5130F27EDA05300F6E730 /* ViewModel */ = {
			isa = PBXGroup;
			children = (
				EAC5131027EDA08300F6E730 /* SignupViewModel.swift */,
				EAC5131227EDA21D00F6E730 /* LoginViewModel.swift */,
			);
			path = ViewModel;
			sourceTree = "<group>";
		};
/* End PBXGroup section */

/* Begin PBXNativeTarget section */
		EAC512F727ED814A00F6E730 /* Debug */ = {
			isa = PBXNativeTarget;
			buildConfigurationList = EAC5130627ED814B00F6E730 /* Build configuration list for PBXNativeTarget "Debug" */;
			buildPhases = (
				EAC512F427ED814A00F6E730 /* Sources */,
				EAC512F527ED814A00F6E730 /* Frameworks */,
				EAC512F627ED814A00F6E730 /* Resources */,
			);
			buildRules = (
			);
			dependencies = (
			);
			name = Debug;
			productName = Debug;
			productReference = EAC512F827ED814A00F6E730 /* Debug.app */;
			productType = "com.apple.product-type.application";
		};
/* End PBXNativeTarget section */

/* Begin PBXProject section */
		EAC512F027ED814A00F6E730 /* Project object */ = {
			isa = PBXProject;
			attributes = {
				BuildIndependentTargetsInParallel = 1;
				LastSwiftUpdateCheck = 1330;
				LastUpgradeCheck = 1330;
				TargetAttributes = {
					EAC512F727ED814A00F6E730 = {
						CreatedOnToolsVersion = 13.3;
					};
				};
			};
			buildConfigurationList = EAC512F327ED814A00F6E730 /* Build configuration list for PBXProject "Debug" */;
			compatibilityVersion = "Xcode 13.0";
			developmentRegion = en;
			hasScannedForEncodings = 0;
			knownRegions = (
				en,
				Base,
			);
			mainGroup = EAC512EF27ED814A00F6E730;
			productRefGroup = EAC512F927ED814A00F6E730 /* Products */;
			projectDirPath = "";
			projectRoot = "";
			targets = (
				EAC512F727ED814A00F6E730 /* Debug */,
			);
		};
/* End PBXProject section */

/* Begin PBXResourcesBuildPhase section */
		EAC512F627ED814A00F6E730 /* Resources */ = {
			isa = PBXResourcesBuildPhase;
			buildActionMask = 2147483647;
			files = (
				EAC5130327ED814B00F6E730 /* Preview Assets.xcassets in Resources */,
				EAC5130027ED814B00F6E730 /* Assets.xcassets in Resources */,
			);
			runOnlyForDeploymentPostprocessing = 0;
		};
/* End PBXResourcesBuildPhase section */

/* Begin PBXSourcesBuildPhase section */
		EAC512F427ED814A00F6E730 /* Sources */ = {
			isa = PBXSourcesBuildPhase;
			buildActionMask = 2147483647;
			files = (
				EAC512FE27ED814A00F6E730 /* LoginView.swift in Sources */,
				EABE8D5127F5884F00648A5B /* SignupRequestBody.swift in Sources */,
				EABE8D4F27F587EC00648A5B /* LoginRequestBody.swift in Sources */,
				EABE8D5327F588D200648A5B /* ProjectListResponse.swift in Sources */,
				EAD7F9D727F6C6740031BC32 /* LoginResponse.swift in Sources */,
				EAC5131127EDA08300F6E730 /* SignupViewModel.swift in Sources */,
				EAD7F9D927F6D6140031BC32 /* SessionToken.swift in Sources */,
				EAC5131327EDA21D00F6E730 /* LoginViewModel.swift in Sources */,
				EAC5130B27ED8BB600F6E730 /* SignupView.swift in Sources */,
				EAC5130E27ED936500F6E730 /* Webservice.swift in Sources */,
				EABE8D5527F595A900648A5B /* IssueView.swift in Sources */,
				EAC512FC27ED814A00F6E730 /* DebugApp.swift in Sources */,
				EAC5131527EDB07000F6E730 /* ProjectListView.swift in Sources */,
			);
			runOnlyForDeploymentPostprocessing = 0;
		};
/* End PBXSourcesBuildPhase section */

/* Begin XCBuildConfiguration section */
		EAC5130427ED814B00F6E730 /* Debug */ = {
			isa = XCBuildConfiguration;
			buildSettings = {
				ALWAYS_SEARCH_USER_PATHS = NO;
				CLANG_ANALYZER_NONNULL = YES;
				CLANG_ANALYZER_NUMBER_OBJECT_CONVERSION = YES_AGGRESSIVE;
				CLANG_CXX_LANGUAGE_STANDARD = "gnu++17";
				CLANG_ENABLE_MODULES = YES;
				CLANG_ENABLE_OBJC_ARC = YES;
				CLANG_ENABLE_OBJC_WEAK = YES;
				CLANG_WARN_BLOCK_CAPTURE_AUTORELEASING = YES;
				CLANG_WARN_BOOL_CONVERSION = YES;
				CLANG_WARN_COMMA = YES;
				CLANG_WARN_CONSTANT_CONVERSION = YES;
				CLANG_WARN_DEPRECATED_OBJC_IMPLEMENTATIONS = YES;
				CLANG_WARN_DIRECT_OBJC_ISA_USAGE = YES_ERROR;
				CLANG_WARN_DOCUMENTATION_COMMENTS = YES;
				CLANG_WARN_EMPTY_BODY = YES;
				CLANG_WARN_ENUM_CONVERSION = YES;
				CLANG_WARN_INFINITE_RECURSION = YES;
				CLANG_WARN_INT_CONVERSION = YES;
				CLANG_WARN_NON_LITERAL_NULL_CONVERSION = YES;
				CLANG_WARN_OBJC_IMPLICIT_RETAIN_SELF = YES;
				CLANG_WARN_OBJC_LITERAL_CONVERSION = YES;
				CLANG_WARN_OBJC_ROOT_CLASS = YES_ERROR;
				CLANG_WARN_QUOTED_INCLUDE_IN_FRAMEWORK_HEADER = YES;
				CLANG_WARN_RANGE_LOOP_ANALYSIS = YES;
				CLANG_WARN_STRICT_PROTOTYPES = YES;
				CLANG_WARN_SUSPICIOUS_MOVE = YES;
				CLANG_WARN_UNGUARDED_AVAILABILITY = YES_AGGRESSIVE;
				CLANG_WARN_UNREACHABLE_CODE = YES;
				CLANG_WARN__DUPLICATE_METHOD_MATCH = YES;
				COPY_PHASE_STRIP = NO;
				DEBUG_INFORMATION_FORMAT = dwarf;
				ENABLE_STRICT_OBJC_MSGSEND = YES;
				ENABLE_TESTABILITY = YES;
				GCC_C_LANGUAGE_STANDARD = gnu11;
				GCC_DYNAMIC_NO_PIC = NO;
				GCC_NO_COMMON_BLOCKS = YES;
				GCC_OPTIMIZATION_LEVEL = 0;
				GCC_PREPROCESSOR_DEFINITIONS = (
					"DEBUG=1",
					"$(inherited)",
				);
				GCC_WARN_64_TO_32_BIT_CONVERSION = YES;
				GCC_WARN_ABOUT_RETURN_TYPE = YES_ERROR;
				GCC_WARN_UNDECLARED_SELECTOR = YES;
				GCC_WARN_UNINITIALIZED_AUTOS = YES_AGGRESSIVE;
				GCC_WARN_UNUSED_FUNCTION = YES;
				GCC_WARN_UNUSED_VARIABLE = YES;
				IPHONEOS_DEPLOYMENT_TARGET = 15.4;
				MTL_ENABLE_DEBUG_INFO = INCLUDE_SOURCE;
				MTL_FAST_MATH = YES;
				ONLY_ACTIVE_ARCH = YES;
				SDKROOT = iphoneos;
				SWIFT_ACTIVE_COMPILATION_CONDITIONS = DEBUG;
				SWIFT_OPTIMIZATION_LEVEL = "-Onone";
			};
			name = Debug;
		};
		EAC5130527ED814B00F6E730 /* Release */ = {
			isa = XCBuildConfiguration;
			buildSettings = {
				ALWAYS_SEARCH_USER_PATHS = NO;
				CLANG_ANALYZER_NONNULL = YES;
				CLANG_ANALYZER_NUMBER_OBJECT_CONVERSION = YES_AGGRESSIVE;
				CLANG_CXX_LANGUAGE_STANDARD = "gnu++17";
				CLANG_ENABLE_MODULES = YES;
				CLANG_ENABLE_OBJC_ARC = YES;
				CLANG_ENABLE_OBJC_WEAK = YES;
				CLANG_WARN_BLOCK_CAPTURE_AUTORELEASING = YES;
				CLANG_WARN_BOOL_CONVERSION = YES;
				CLANG_WARN_COMMA = YES;
				CLANG_WARN_CONSTANT_CONVERSION = YES;
				CLANG_WARN_DEPRECATED_OBJC_IMPLEMENTATIONS = YES;
				CLANG_WARN_DIRECT_OBJC_ISA_USAGE = YES_ERROR;
				CLANG_WARN_DOCUMENTATION_COMMENTS = YES;
				CLANG_WARN_EMPTY_BODY = YES;
				CLANG_WARN_ENUM_CONVERSION = YES;
				CLANG_WARN_INFINITE_RECURSION = YES;
				CLANG_WARN_INT_CONVERSION = YES;
				CLANG_WARN_NON_LITERAL_NULL_CONVERSION = YES;
				CLANG_WARN_OBJC_IMPLICIT_RETAIN_SELF = YES;
				CLANG_WARN_OBJC_LITERAL_CONVERSION = YES;
				CLANG_WARN_OBJC_ROOT_CLASS = YES_ERROR;
				CLANG_WARN_QUOTED_INCLUDE_IN_FRAMEWORK_HEADER = YES;
				CLANG_WARN_RANGE_LOOP_ANALYSIS = YES;
				CLANG_WARN_STRICT_PROTOTYPES = YES;
				CLANG_WARN_SUSPICIOUS_MOVE = YES;
				CLANG_WARN_UNGUARDED_AVAILABILITY = YES_AGGRESSIVE;
				CLANG_WARN_UNREACHABLE_CODE = YES;
				CLANG_WARN__DUPLICATE_METHOD_MATCH = YES;
				COPY_PHASE_STRIP = NO;
				DEBUG_INFORMATION_FORMAT = "dwarf-with-dsym";
				ENABLE_NS_ASSERTIONS = NO;
				ENABLE_STRICT_OBJC_MSGSEND = YES;
				GCC_C_LANGUAGE_STANDARD = gnu11;
				GCC_NO_COMMON_BLOCKS = YES;
				GCC_WARN_64_TO_32_BIT_CONVERSION = YES;
				GCC_WARN_ABOUT_RETURN_TYPE = YES_ERROR;
				GCC_WARN_UNDECLARED_SELECTOR = YES;
				GCC_WARN_UNINITIALIZED_AUTOS = YES_AGGRESSIVE;
				GCC_WARN_UNUSED_FUNCTION = YES;
				GCC_WARN_UNUSED_VARIABLE = YES;
				IPHONEOS_DEPLOYMENT_TARGET = 15.4;
				MTL_ENABLE_DEBUG_INFO = NO;
				MTL_FAST_MATH = YES;
				SDKROOT = iphoneos;
				SWIFT_COMPILATION_MODE = wholemodule;
				SWIFT_OPTIMIZATION_LEVEL = "-O";
				VALIDATE_PRODUCT = YES;
			};
			name = Release;
		};
		EAC5130727ED814B00F6E730 /* Debug */ = {
			isa = XCBuildConfiguration;
			buildSettings = {
				ASSETCATALOG_COMPILER_APPICON_NAME = AppIcon;
				ASSETCATALOG_COMPILER_GLOBAL_ACCENT_COLOR_NAME = AccentColor;
				CODE_SIGN_STYLE = Automatic;
				CURRENT_PROJECT_VERSION = 1;
				DEVELOPMENT_ASSET_PATHS = "\"Debug/Preview Content\"";
				DEVELOPMENT_TEAM = WZPRSF7LPK;
				ENABLE_PREVIEWS = YES;
				GENERATE_INFOPLIST_FILE = YES;
				INFOPLIST_KEY_UIApplicationSceneManifest_Generation = YES;
				INFOPLIST_KEY_UIApplicationSupportsIndirectInputEvents = YES;
				INFOPLIST_KEY_UILaunchScreen_Generation = YES;
				INFOPLIST_KEY_UISupportedInterfaceOrientations_iPad = "UIInterfaceOrientationPortrait UIInterfaceOrientationPortraitUpsideDown UIInterfaceOrientationLandscapeLeft UIInterfaceOrientationLandscapeRight";
				INFOPLIST_KEY_UISupportedInterfaceOrientations_iPhone = "UIInterfaceOrientationPortrait UIInterfaceOrientationLandscapeLeft UIInterfaceOrientationLandscapeRight";
				LD_RUNPATH_SEARCH_PATHS = (
					"$(inherited)",
					"@executable_path/Frameworks",
				);
				MARKETING_VERSION = 1.0;
				PRODUCT_BUNDLE_IDENTIFIER = std.Debug;
				PRODUCT_NAME = "$(TARGET_NAME)";
				SWIFT_EMIT_LOC_STRINGS = YES;
				SWIFT_VERSION = 5.0;
				TARGETED_DEVICE_FAMILY = "1,2";
			};
			name = Debug;
		};
		EAC5130827ED814B00F6E730 /* Release */ = {
			isa = XCBuildConfiguration;
			buildSettings = {
				ASSETCATALOG_COMPILER_APPICON_NAME = AppIcon;
				ASSETCATALOG_COMPILER_GLOBAL_ACCENT_COLOR_NAME = AccentColor;
				CODE_SIGN_STYLE = Automatic;
				CURRENT_PROJECT_VERSION = 1;
				DEVELOPMENT_ASSET_PATHS = "\"Debug/Preview Content\"";
				DEVELOPMENT_TEAM = WZPRSF7LPK;
				ENABLE_PREVIEWS = YES;
				GENERATE_INFOPLIST_FILE = YES;
				INFOPLIST_KEY_UIApplicationSceneManifest_Generation = YES;
				INFOPLIST_KEY_UIApplicationSupportsIndirectInputEvents = YES;
				INFOPLIST_KEY_UILaunchScreen_Generation = YES;
				INFOPLIST_KEY_UISupportedInterfaceOrientations_iPad = "UIInterfaceOrientationPortrait UIInterfaceOrientationPortraitUpsideDown UIInterfaceOrientationLandscapeLeft UIInterfaceOrientationLandscapeRight";
				INFOPLIST_KEY_UISupportedInterfaceOrientations_iPhone = "UIInterfaceOrientationPortrait UIInterfaceOrientationLandscapeLeft UIInterfaceOrientationLandscapeRight";
				LD_RUNPATH_SEARCH_PATHS = (
					"$(inherited)",
					"@executable_path/Frameworks",
				);
				MARKETING_VERSION = 1.0;
				PRODUCT_BUNDLE_IDENTIFIER = std.Debug;
				PRODUCT_NAME = "$(TARGET_NAME)";
				SWIFT_EMIT_LOC_STRINGS = YES;
				SWIFT_VERSION = 5.0;
				TARGETED_DEVICE_FAMILY = "1,2";
			};
			name = Release;
		};
/* End XCBuildConfiguration section */

/* Begin XCConfigurationList section */
		EAC512F327ED814A00F6E730 /* Build configuration list for PBXProject "Debug" */ = {
			isa = XCConfigurationList;
			buildConfigurations = (
				EAC5130427ED814B00F6E730 /* Debug */,
				EAC5130527ED814B00F6E730 /* Release */,
			);
			defaultConfigurationIsVisible = 0;
			defaultConfigurationName = Release;
		};
		EAC5130627ED814B00F6E730 /* Build configuration list for PBXNativeTarget "Debug" */ = {
			isa = XCConfigurationList;
			buildConfigurations = (
				EAC5130727ED814B00F6E730 /* Debug */,
				EAC5130827ED814B00F6E730 /* Release */,
			);
			defaultConfigurationIsVisible = 0;
			defaultConfigurationName = Release;
		};
/* End XCConfigurationList section */
	};
	rootObject = EAC512F027ED814A00F6E730 /* Project object */;
}
